
Microsoft Visual Studio Solution File, Format Version 12.00
# Visual Studio Version 17
VisualStudioVersion = 17.14.36518.9
MinimumVisualStudioVersion = 10.0.40219.1
Project("{2150E333-8FDC-42A3-9474-1A3956D46DE8}") = "Task0", "Task0", "{02EA681E-C7D8-13C7-8484-4AC65E1B71E8}"
EndProject
Project("{FAE04EC0-301F-11D3-BF4B-00C04F79EFBC}") = "Tyuiu.KozyrevRA.Sprint3.Task0.V12", "Tyuiu.KozyrevRA.Sprint3.Task0.V12\Tyuiu.KozyrevRA.Sprint3.Task0.V12.csproj", "{BE32DF61-1312-4C02-9EAC-61FCBE8CC767}"
EndProject
Project("{FAE04EC0-301F-11D3-BF4B-00C04F79EFBC}") = "Tyuiu.KozyrevRA.Sprint3.Task0.V12.Lib", "Tyuiu.KozyrevRA.Sprint3.Task0.V12.Lib\Tyuiu.KozyrevRA.Sprint3.Task0.V12.Lib.csproj", "{561553B5-8BB8-49E8-A427-FC4C7154D507}"
EndProject
Project("{FAE04EC0-301F-11D3-BF4B-00C04F79EFBC}") = "Tyuiu.KozyrevRA.Sprint3.Task0.V12.Test", "Tyuiu.KozyrevRA.Sprint3.Task0.V12.Test\Tyuiu.KozyrevRA.Sprint3.Task0.V12.Test.csproj", "{DDA6E8C6-A233-4A0E-B24C-B33EDA3E20D8}"
EndProject
Project("{2150E333-8FDC-42A3-9474-1A3956D46DE8}") = "Task1", "Task1", "{B775C4D8-4BF1-430E-877C-A0ED9E72BFFE}"
EndProject
Project("{FAE04EC0-301F-11D3-BF4B-00C04F79EFBC}") = "Tyuiu.KozyrevRA.Sprint3.Task1.V27", "Tyuiu.KozyrevRA.Sprint3.Task1.V27\Tyuiu.KozyrevRA.Sprint3.Task1.V27.csproj", "{12392B91-D758-4816-8304-F31127EA5595}"
EndProject
Project("{FAE04EC0-301F-11D3-BF4B-00C04F79EFBC}") = "Tyuiu.KozyrevRA.Sprint3.Task1.V27.Test", "Tyuiu.KozyrevRA.Sprint3.Task1.V27.Test\Tyuiu.KozyrevRA.Sprint3.Task1.V27.Test.csproj", "{D7F50A98-C9DE-49D7-821B-D84D50A63CC4}"
EndProject
Project("{FAE04EC0-301F-11D3-BF4B-00C04F79EFBC}") = "Tyuiu.KozyrevRA.Sprint3.Task1.V27.Lib", "Tyuiu.KozyrevRA.Sprint3.Task1.V27.Lib\Tyuiu.KozyrevRA.Sprint3.Task1.V27.Lib.csproj", "{C5B122C2-ED1E-4779-8401-E03C76BAB27F}"
EndProject
Project("{2150E333-8FDC-42A3-9474-1A3956D46DE8}") = "Task2", "Task2", "{1323043B-0BC3-474F-9103-53D0A702B648}"
EndProject
Project("{FAE04EC0-301F-11D3-BF4B-00C04F79EFBC}") = "Tyuiu.KozyrevRA.Sprint3.Task2.V15", "Tyuiu.KozyrevRA.Sprint3.Task2.V15\Tyuiu.KozyrevRA.Sprint3.Task2.V15.csproj", "{C008926E-FC27-45FA-9ACB-D51A0C46DAC0}"
EndProject
Project("{FAE04EC0-301F-11D3-BF4B-00C04F79EFBC}") = "Tyuiu.KozyrevRA.Sprint3.Task2.V15.Lib", "Tyuiu.KozyrevRA.Sprint3.Task2.V15.Lib\Tyuiu.KozyrevRA.Sprint3.Task2.V15.Lib.csproj", "{9CDEE9FD-CD92-4797-BD51-609D1FCE4DD1}"
EndProject
Project("{FAE04EC0-301F-11D3-BF4B-00C04F79EFBC}") = "Tyuiu.KozyrevRA.Sprint3.Task2.V15.Test", "Tyuiu.KozyrevRA.Sprint3.Task2.V15.Test\Tyuiu.KozyrevRA.Sprint3.Task2.V15.Test.csproj", "{E618A06F-8B33-4806-B8A8-A92DE296C42B}"
EndProject
Project("{2150E333-8FDC-42A3-9474-1A3956D46DE8}") = "Task3", "Task3", "{57F98B7B-9AF7-4321-93A4-0C4EED902AAF}"
EndProject
Project("{FAE04EC0-301F-11D3-BF4B-00C04F79EFBC}") = "Tyuiu.KozyrevRA.Sprint3.Task3.V26", "Tyuiu.KozyrevRA.Sprint3.Task3.V26\Tyuiu.KozyrevRA.Sprint3.Task3.V26.csproj", "{9BE83F27-7C74-4EEC-BE66-D4C94DFCA65A}"
EndProject
Project("{FAE04EC0-301F-11D3-BF4B-00C04F79EFBC}") = "Tyuiu.KozyrevRA.Sprint3.Task3.V26.Test", "Tyuiu.KozyrevRA.Sprint3.Task3.V26.Test\Tyuiu.KozyrevRA.Sprint3.Task3.V26.Test.csproj", "{D264E2FC-471B-43D0-ACD7-6461DEAC09CD}"
EndProject
Project("{FAE04EC0-301F-11D3-BF4B-00C04F79EFBC}") = "Tyuiu.KozyrevRA.Sprint3.Task3.V26.Lib", "Tyuiu.KozyrevRA.Sprint3.Task3.V26.Lib\Tyuiu.KozyrevRA.Sprint3.Task3.V26.Lib.csproj", "{8504AEBB-C74B-4FDB-BFB6-A5C29585A13A}"
EndProject
Global
	GlobalSection(SolutionConfigurationPlatforms) = preSolution
		Debug|Any CPU = Debug|Any CPU
		Release|Any CPU = Release|Any CPU
	EndGlobalSection
	GlobalSection(ProjectConfigurationPlatforms) = postSolution
		{BE32DF61-1312-4C02-9EAC-61FCBE8CC767}.Debug|Any CPU.ActiveCfg = Debug|Any CPU
		{BE32DF61-1312-4C02-9EAC-61FCBE8CC767}.Debug|Any CPU.Build.0 = Debug|Any CPU
		{BE32DF61-1312-4C02-9EAC-61FCBE8CC767}.Release|Any CPU.ActiveCfg = Release|Any CPU
		{BE32DF61-1312-4C02-9EAC-61FCBE8CC767}.Release|Any CPU.Build.0 = Release|Any CPU
		{561553B5-8BB8-49E8-A427-FC4C7154D507}.Debug|Any CPU.ActiveCfg = Debug|Any CPU
		{561553B5-8BB8-49E8-A427-FC4C7154D507}.Debug|Any CPU.Build.0 = Debug|Any CPU
		{561553B5-8BB8-49E8-A427-FC4C7154D507}.Release|Any CPU.ActiveCfg = Release|Any CPU
		{561553B5-8BB8-49E8-A427-FC4C7154D507}.Release|Any CPU.Build.0 = Release|Any CPU
		{DDA6E8C6-A233-4A0E-B24C-B33EDA3E20D8}.Debug|Any CPU.ActiveCfg = Debug|Any CPU
		{DDA6E8C6-A233-4A0E-B24C-B33EDA3E20D8}.Debug|Any CPU.Build.0 = Debug|Any CPU
		{DDA6E8C6-A233-4A0E-B24C-B33EDA3E20D8}.Release|Any CPU.ActiveCfg = Release|Any CPU
		{DDA6E8C6-A233-4A0E-B24C-B33EDA3E20D8}.Release|Any CPU.Build.0 = Release|Any CPU
		{12392B91-D758-4816-8304-F31127EA5595}.Debug|Any CPU.ActiveCfg = Debug|Any CPU
		{12392B91-D758-4816-8304-F31127EA5595}.Debug|Any CPU.Build.0 = Debug|Any CPU
		{12392B91-D758-4816-8304-F31127EA5595}.Release|Any CPU.ActiveCfg = Release|Any CPU
		{12392B91-D758-4816-8304-F31127EA5595}.Release|Any CPU.Build.0 = Release|Any CPU
		{D7F50A98-C9DE-49D7-821B-D84D50A63CC4}.Debug|Any CPU.ActiveCfg = Debug|Any CPU
		{D7F50A98-C9DE-49D7-821B-D84D50A63CC4}.Debug|Any CPU.Build.0 = Debug|Any CPU
		{D7F50A98-C9DE-49D7-821B-D84D50A63CC4}.Release|Any CPU.ActiveCfg = Release|Any CPU
		{D7F50A98-C9DE-49D7-821B-D84D50A63CC4}.Release|Any CPU.Build.0 = Release|Any CPU
		{C5B122C2-ED1E-4779-8401-E03C76BAB27F}.Debug|Any CPU.ActiveCfg = Debug|Any CPU
		{C5B122C2-ED1E-4779-8401-E03C76BAB27F}.Debug|Any CPU.Build.0 = Debug|Any CPU
		{C5B122C2-ED1E-4779-8401-E03C76BAB27F}.Release|Any CPU.ActiveCfg = Release|Any CPU
		{C5B122C2-ED1E-4779-8401-E03C76BAB27F}.Release|Any CPU.Build.0 = Release|Any CPU
		{C008926E-FC27-45FA-9ACB-D51A0C46DAC0}.Debug|Any CPU.ActiveCfg = Debug|Any CPU
		{C008926E-FC27-45FA-9ACB-D51A0C46DAC0}.Debug|Any CPU.Build.0 = Debug|Any CPU
		{C008926E-FC27-45FA-9ACB-D51A0C46DAC0}.Release|Any CPU.ActiveCfg = Release|Any CPU
		{C008926E-FC27-45FA-9ACB-D51A0C46DAC0}.Release|Any CPU.Build.0 = Release|Any CPU
		{9CDEE9FD-CD92-4797-BD51-609D1FCE4DD1}.Debug|Any CPU.ActiveCfg = Debug|Any CPU
		{9CDEE9FD-CD92-4797-BD51-609D1FCE4DD1}.Debug|Any CPU.Build.0 = Debug|Any CPU
		{9CDEE9FD-CD92-4797-BD51-609D1FCE4DD1}.Release|Any CPU.ActiveCfg = Release|Any CPU
		{9CDEE9FD-CD92-4797-BD51-609D1FCE4DD1}.Release|Any CPU.Build.0 = Release|Any CPU
		{E618A06F-8B33-4806-B8A8-A92DE296C42B}.Debug|Any CPU.ActiveCfg = Debug|Any CPU
		{E618A06F-8B33-4806-B8A8-A92DE296C42B}.Debug|Any CPU.Build.0 = Debug|Any CPU
		{E618A06F-8B33-4806-B8A8-A92DE296C42B}.Release|Any CPU.ActiveCfg = Release|Any CPU
		{E618A06F-8B33-4806-B8A8-A92DE296C42B}.Release|Any CPU.Build.0 = Release|Any CPU
		{9BE83F27-7C74-4EEC-BE66-D4C94DFCA65A}.Debug|Any CPU.ActiveCfg = Debug|Any CPU
		{9BE83F27-7C74-4EEC-BE66-D4C94DFCA65A}.Debug|Any CPU.Build.0 = Debug|Any CPU
		{9BE83F27-7C74-4EEC-BE66-D4C94DFCA65A}.Release|Any CPU.ActiveCfg = Release|Any CPU
		{9BE83F27-7C74-4EEC-BE66-D4C94DFCA65A}.Release|Any CPU.Build.0 = Release|Any CPU
		{D264E2FC-471B-43D0-ACD7-6461DEAC09CD}.Debug|Any CPU.ActiveCfg = Debug|Any CPU
		{D264E2FC-471B-43D0-ACD7-6461DEAC09CD}.Debug|Any CPU.Build.0 = Debug|Any CPU
		{D264E2FC-471B-43D0-ACD7-6461DEAC09CD}.Release|Any CPU.ActiveCfg = Release|Any CPU
		{D264E2FC-471B-43D0-ACD7-6461DEAC09CD}.Release|Any CPU.Build.0 = Release|Any CPU
		{8504AEBB-C74B-4FDB-BFB6-A5C29585A13A}.Debug|Any CPU.ActiveCfg = Debug|Any CPU
		{8504AEBB-C74B-4FDB-BFB6-A5C29585A13A}.Debug|Any CPU.Build.0 = Debug|Any CPU
		{8504AEBB-C74B-4FDB-BFB6-A5C29585A13A}.Release|Any CPU.ActiveCfg = Release|Any CPU
		{8504AEBB-C74B-4FDB-BFB6-A5C29585A13A}.Release|Any CPU.Build.0 = Release|Any CPU
	EndGlobalSection
	GlobalSection(SolutionProperties) = preSolution
		HideSolutionNode = FALSE
	EndGlobalSection
	GlobalSection(NestedProjects) = preSolution
		{BE32DF61-1312-4C02-9EAC-61FCBE8CC767} = {02EA681E-C7D8-13C7-8484-4AC65E1B71E8}
		{561553B5-8BB8-49E8-A427-FC4C7154D507} = {02EA681E-C7D8-13C7-8484-4AC65E1B71E8}
		{DDA6E8C6-A233-4A0E-B24C-B33EDA3E20D8} = {02EA681E-C7D8-13C7-8484-4AC65E1B71E8}
		{12392B91-D758-4816-8304-F31127EA5595} = {B775C4D8-4BF1-430E-877C-A0ED9E72BFFE}
		{D7F50A98-C9DE-49D7-821B-D84D50A63CC4} = {B775C4D8-4BF1-430E-877C-A0ED9E72BFFE}
		{C5B122C2-ED1E-4779-8401-E03C76BAB27F} = {B775C4D8-4BF1-430E-877C-A0ED9E72BFFE}
		{C008926E-FC27-45FA-9ACB-D51A0C46DAC0} = {1323043B-0BC3-474F-9103-53D0A702B648}
		{9CDEE9FD-CD92-4797-BD51-609D1FCE4DD1} = {1323043B-0BC3-474F-9103-53D0A702B648}
		{E618A06F-8B33-4806-B8A8-A92DE296C42B} = {1323043B-0BC3-474F-9103-53D0A702B648}
		{9BE83F27-7C74-4EEC-BE66-D4C94DFCA65A} = {57F98B7B-9AF7-4321-93A4-0C4EED902AAF}
		{D264E2FC-471B-43D0-ACD7-6461DEAC09CD} = {57F98B7B-9AF7-4321-93A4-0C4EED902AAF}
		{8504AEBB-C74B-4FDB-BFB6-A5C29585A13A} = {57F98B7B-9AF7-4321-93A4-0C4EED902AAF}
	EndGlobalSection
	GlobalSection(ExtensibilityGlobals) = postSolution
		SolutionGuid = {EEC34BA4-FC8B-4D45-8181-30F3897EF0D7}
	EndGlobalSection
EndGlobal
